// !$*UTF8*$!
{
	archiveVersion = 1;
	classes = {
	};
	objectVersion = 55;
	objects = {

/* Begin PBXBuildFile section */
		7EC6F9EE28FE39CB003D8A95 /* UIFont+Extension.swift in Sources */ = {isa = PBXBuildFile; fileRef = 7EC6F9ED28FE39CB003D8A95 /* UIFont+Extension.swift */; };
		7EC6F9F028FE39F4003D8A95 /* UIColor+Extension.swift in Sources */ = {isa = PBXBuildFile; fileRef = 7EC6F9EF28FE39F4003D8A95 /* UIColor+Extension.swift */; };
		7EC6F9F228FE3A19003D8A95 /* UILabel+Extension.swift in Sources */ = {isa = PBXBuildFile; fileRef = 7EC6F9F128FE3A19003D8A95 /* UILabel+Extension.swift */; };
		8C21CC4128FF8018009043AF /* PlaceAnnotation.swift in Sources */ = {isa = PBXBuildFile; fileRef = 8C21CC4028FF8018009043AF /* PlaceAnnotation.swift */; };
		8C21CC4328FF8394009043AF /* ClusterAnnotationView.swift in Sources */ = {isa = PBXBuildFile; fileRef = 8C21CC4228FF8394009043AF /* ClusterAnnotationView.swift */; };
		8C21CC4528FF89BA009043AF /* MapData.swift in Sources */ = {isa = PBXBuildFile; fileRef = 8C21CC4428FF89BA009043AF /* MapData.swift */; };
		DF288B4F28F7D70F002838A4 /* AppDelegate.swift in Sources */ = {isa = PBXBuildFile; fileRef = DF288B4E28F7D70F002838A4 /* AppDelegate.swift */; };
		DF288B5128F7D70F002838A4 /* SceneDelegate.swift in Sources */ = {isa = PBXBuildFile; fileRef = DF288B5028F7D70F002838A4 /* SceneDelegate.swift */; };
		DF288B5328F7D70F002838A4 /* ViewController.swift in Sources */ = {isa = PBXBuildFile; fileRef = DF288B5228F7D70F002838A4 /* ViewController.swift */; };
		DF288B5828F7D710002838A4 /* Assets.xcassets in Resources */ = {isa = PBXBuildFile; fileRef = DF288B5728F7D710002838A4 /* Assets.xcassets */; };
		DF288B5B28F7D710002838A4 /* LaunchScreen.storyboard in Resources */ = {isa = PBXBuildFile; fileRef = DF288B5928F7D710002838A4 /* LaunchScreen.storyboard */; };
		DF96185B28F8052200E21D30 /* FirebaseAuth in Frameworks */ = {isa = PBXBuildFile; productRef = DF96185A28F8052200E21D30 /* FirebaseAuth */; };
		DF96185F28F8053500E21D30 /* FirebaseFirestore in Frameworks */ = {isa = PBXBuildFile; productRef = DF96185E28F8053500E21D30 /* FirebaseFirestore */; };
		DF96186128F8053E00E21D30 /* FirebaseStorage in Frameworks */ = {isa = PBXBuildFile; productRef = DF96186028F8053E00E21D30 /* FirebaseStorage */; };
		DF9618A628FCEF6A00E21D30 /* MapViewController.swift in Sources */ = {isa = PBXBuildFile; fileRef = DF9618A528FCEF6A00E21D30 /* MapViewController.swift */; };
		DF9618A828FCEF8800E21D30 /* PlaceInfoViewController.swift in Sources */ = {isa = PBXBuildFile; fileRef = DF9618A728FCEF8800E21D30 /* PlaceInfoViewController.swift */; };
		DF9618AA28FCEF9700E21D30 /* PlaceCheckInView.swift in Sources */ = {isa = PBXBuildFile; fileRef = DF9618A928FCEF9700E21D30 /* PlaceCheckInView.swift */; };
		DF9618AC28FCEFB600E21D30 /* LoginViewController.swift in Sources */ = {isa = PBXBuildFile; fileRef = DF9618AB28FCEFB600E21D30 /* LoginViewController.swift */; };
		DF9618AE28FCEFC200E21D30 /* SignUpViewController.swift in Sources */ = {isa = PBXBuildFile; fileRef = DF9618AD28FCEFC200E21D30 /* SignUpViewController.swift */; };
		DF9618B028FCEFCB00E21D30 /* ProfileViewController.swift in Sources */ = {isa = PBXBuildFile; fileRef = DF9618AF28FCEFCB00E21D30 /* ProfileViewController.swift */; };
		DF9618B228FCEFEA00E21D30 /* FirebaseManager.swift in Sources */ = {isa = PBXBuildFile; fileRef = DF9618B128FCEFEA00E21D30 /* FirebaseManager.swift */; };
		DF9618B428FCF7D300E21D30 /* UsersInPlace.swift in Sources */ = {isa = PBXBuildFile; fileRef = DF9618B328FCF7D300E21D30 /* UsersInPlace.swift */; };
		DFE747B928FD75980048E70A /* UIView+Extension.swift in Sources */ = {isa = PBXBuildFile; fileRef = DFE747B828FD75980048E70A /* UIView+Extension.swift */; };
		E25A674A28F7DF1C004614B0 /* GoogleService-Info.plist in Resources */ = {isa = PBXBuildFile; fileRef = E25A674928F7DF1C004614B0 /* GoogleService-Info.plist */; };
		E25A674D28F7DF88004614B0 /* FirebaseAnalytics in Frameworks */ = {isa = PBXBuildFile; productRef = E25A674C28F7DF88004614B0 /* FirebaseAnalytics */; };
		E25A675228F7E1CE004614B0 /* User.swift in Sources */ = {isa = PBXBuildFile; fileRef = E25A675128F7E1CE004614B0 /* User.swift */; };
		E25A675428F7E2C6004614B0 /* Place.swift in Sources */ = {isa = PBXBuildFile; fileRef = E25A675328F7E2C6004614B0 /* Place.swift */; };
		E25A675628F7E398004614B0 /* Position.swift in Sources */ = {isa = PBXBuildFile; fileRef = E25A675528F7E398004614B0 /* Position.swift */; };
		E25A675828F7E515004614B0 /* DummyData.swift in Sources */ = {isa = PBXBuildFile; fileRef = E25A675728F7E515004614B0 /* DummyData.swift */; };
		E2E6B22A28FDA7E1005C0D77 /* FirebaseDatabase in Frameworks */ = {isa = PBXBuildFile; productRef = E2E6B22928FDA7E1005C0D77 /* FirebaseDatabase */; };
		E2E6B22C28FDA7E1005C0D77 /* FirebaseDatabaseSwift in Frameworks */ = {isa = PBXBuildFile; productRef = E2E6B22B28FDA7E1005C0D77 /* FirebaseDatabaseSwift */; };
/* End PBXBuildFile section */

/* Begin PBXFileReference section */
		7EC6F9ED28FE39CB003D8A95 /* UIFont+Extension.swift */ = {isa = PBXFileReference; lastKnownFileType = sourcecode.swift; path = "UIFont+Extension.swift"; sourceTree = "<group>"; };
		7EC6F9EF28FE39F4003D8A95 /* UIColor+Extension.swift */ = {isa = PBXFileReference; lastKnownFileType = sourcecode.swift; path = "UIColor+Extension.swift"; sourceTree = "<group>"; };
		7EC6F9F128FE3A19003D8A95 /* UILabel+Extension.swift */ = {isa = PBXFileReference; lastKnownFileType = sourcecode.swift; path = "UILabel+Extension.swift"; sourceTree = "<group>"; };
		8C21CC4028FF8018009043AF /* PlaceAnnotation.swift */ = {isa = PBXFileReference; lastKnownFileType = sourcecode.swift; path = PlaceAnnotation.swift; sourceTree = "<group>"; };
		8C21CC4228FF8394009043AF /* ClusterAnnotationView.swift */ = {isa = PBXFileReference; lastKnownFileType = sourcecode.swift; path = ClusterAnnotationView.swift; sourceTree = "<group>"; };
		8C21CC4428FF89BA009043AF /* MapData.swift */ = {isa = PBXFileReference; lastKnownFileType = sourcecode.swift; path = MapData.swift; sourceTree = "<group>"; };
		DF288B4B28F7D70F002838A4 /* BNomad.app */ = {isa = PBXFileReference; explicitFileType = wrapper.application; includeInIndex = 0; path = BNomad.app; sourceTree = BUILT_PRODUCTS_DIR; };
		DF288B4E28F7D70F002838A4 /* AppDelegate.swift */ = {isa = PBXFileReference; lastKnownFileType = sourcecode.swift; path = AppDelegate.swift; sourceTree = "<group>"; };
		DF288B5028F7D70F002838A4 /* SceneDelegate.swift */ = {isa = PBXFileReference; lastKnownFileType = sourcecode.swift; path = SceneDelegate.swift; sourceTree = "<group>"; };
		DF288B5228F7D70F002838A4 /* ViewController.swift */ = {isa = PBXFileReference; lastKnownFileType = sourcecode.swift; path = ViewController.swift; sourceTree = "<group>"; };
		DF288B5728F7D710002838A4 /* Assets.xcassets */ = {isa = PBXFileReference; lastKnownFileType = folder.assetcatalog; path = Assets.xcassets; sourceTree = "<group>"; };
		DF288B5A28F7D710002838A4 /* Base */ = {isa = PBXFileReference; lastKnownFileType = file.storyboard; name = Base; path = Base.lproj/LaunchScreen.storyboard; sourceTree = "<group>"; };
		DF288B5C28F7D710002838A4 /* Info.plist */ = {isa = PBXFileReference; lastKnownFileType = text.plist.xml; path = Info.plist; sourceTree = "<group>"; };
		DF9618A528FCEF6A00E21D30 /* MapViewController.swift */ = {isa = PBXFileReference; lastKnownFileType = sourcecode.swift; path = MapViewController.swift; sourceTree = "<group>"; };
		DF9618A728FCEF8800E21D30 /* PlaceInfoViewController.swift */ = {isa = PBXFileReference; lastKnownFileType = sourcecode.swift; path = PlaceInfoViewController.swift; sourceTree = "<group>"; };
		DF9618A928FCEF9700E21D30 /* PlaceCheckInView.swift */ = {isa = PBXFileReference; lastKnownFileType = sourcecode.swift; path = PlaceCheckInView.swift; sourceTree = "<group>"; };
		DF9618AB28FCEFB600E21D30 /* LoginViewController.swift */ = {isa = PBXFileReference; lastKnownFileType = sourcecode.swift; path = LoginViewController.swift; sourceTree = "<group>"; };
		DF9618AD28FCEFC200E21D30 /* SignUpViewController.swift */ = {isa = PBXFileReference; lastKnownFileType = sourcecode.swift; path = SignUpViewController.swift; sourceTree = "<group>"; };
		DF9618AF28FCEFCB00E21D30 /* ProfileViewController.swift */ = {isa = PBXFileReference; lastKnownFileType = sourcecode.swift; path = ProfileViewController.swift; sourceTree = "<group>"; };
		DF9618B128FCEFEA00E21D30 /* FirebaseManager.swift */ = {isa = PBXFileReference; lastKnownFileType = sourcecode.swift; path = FirebaseManager.swift; sourceTree = "<group>"; };
		DF9618B328FCF7D300E21D30 /* UsersInPlace.swift */ = {isa = PBXFileReference; lastKnownFileType = sourcecode.swift; path = UsersInPlace.swift; sourceTree = "<group>"; };
		DFE747B828FD75980048E70A /* UIView+Extension.swift */ = {isa = PBXFileReference; lastKnownFileType = sourcecode.swift; path = "UIView+Extension.swift"; sourceTree = "<group>"; };
		E25A674928F7DF1C004614B0 /* GoogleService-Info.plist */ = {isa = PBXFileReference; fileEncoding = 4; lastKnownFileType = text.plist.xml; path = "GoogleService-Info.plist"; sourceTree = "<group>"; };
		E25A675128F7E1CE004614B0 /* User.swift */ = {isa = PBXFileReference; lastKnownFileType = sourcecode.swift; path = User.swift; sourceTree = "<group>"; };
		E25A675328F7E2C6004614B0 /* Place.swift */ = {isa = PBXFileReference; lastKnownFileType = sourcecode.swift; path = Place.swift; sourceTree = "<group>"; };
		E25A675528F7E398004614B0 /* Position.swift */ = {isa = PBXFileReference; lastKnownFileType = sourcecode.swift; path = Position.swift; sourceTree = "<group>"; };
		E25A675728F7E515004614B0 /* DummyData.swift */ = {isa = PBXFileReference; lastKnownFileType = sourcecode.swift; path = DummyData.swift; sourceTree = "<group>"; };
/* End PBXFileReference section */

/* Begin PBXFrameworksBuildPhase section */
		DF288B4828F7D70F002838A4 /* Frameworks */ = {
			isa = PBXFrameworksBuildPhase;
			buildActionMask = 2147483647;
			files = (
				E2E6B22C28FDA7E1005C0D77 /* FirebaseDatabaseSwift in Frameworks */,
				E2E6B22A28FDA7E1005C0D77 /* FirebaseDatabase in Frameworks */,
				DF96185F28F8053500E21D30 /* FirebaseFirestore in Frameworks */,
				E25A674D28F7DF88004614B0 /* FirebaseAnalytics in Frameworks */,
				DF96186128F8053E00E21D30 /* FirebaseStorage in Frameworks */,
				DF96185B28F8052200E21D30 /* FirebaseAuth in Frameworks */,
			);
			runOnlyForDeploymentPostprocessing = 0;
		};
/* End PBXFrameworksBuildPhase section */

/* Begin PBXGroup section */
		DF288B4228F7D70F002838A4 = {
			isa = PBXGroup;
			children = (
				DF288B4D28F7D70F002838A4 /* BNomad */,
				DF288B4C28F7D70F002838A4 /* Products */,
				DF96185928F8052200E21D30 /* Frameworks */,
			);
			sourceTree = "<group>";
		};
		DF288B4C28F7D70F002838A4 /* Products */ = {
			isa = PBXGroup;
			children = (
				DF288B4B28F7D70F002838A4 /* BNomad.app */,
			);
			name = Products;
			sourceTree = "<group>";
		};
		DF288B4D28F7D70F002838A4 /* BNomad */ = {
			isa = PBXGroup;
			children = (
				DFE747B628FD75690048E70A /* Utils */,
				DF96189D28FCEEF200E21D30 /* API */,
				DF96189C28FCEEE900E21D30 /* View */,
				E25A674F28F7E1B9004614B0 /* Model */,
				E25A674E28F7E1AB004614B0 /* Application */,
			);
			path = BNomad;
			sourceTree = "<group>";
		};
		DF96185928F8052200E21D30 /* Frameworks */ = {
			isa = PBXGroup;
			children = (
			);
			name = Frameworks;
			sourceTree = "<group>";
		};
		DF96189C28FCEEE900E21D30 /* View */ = {
			isa = PBXGroup;
			children = (
				DF96189F28FCEF0100E21D30 /* MapView */,
				DF9618A328FCEF1700E21D30 /* PlaceInfoView */,
				DF9618A428FCEF1B00E21D30 /* PlaceCheckInView */,
				DF9618A128FCEF0D00E21D30 /* LoginView */,
				DF9618A228FCEF1200E21D30 /* SignUpView */,
				DF9618A028FCEF0500E21D30 /* ProfileView */,
			);
			path = View;
			sourceTree = "<group>";
		};
		DF96189D28FCEEF200E21D30 /* API */ = {
			isa = PBXGroup;
			children = (
				DF9618B128FCEFEA00E21D30 /* FirebaseManager.swift */,
			);
			path = API;
			sourceTree = "<group>";
		};
		DF96189F28FCEF0100E21D30 /* MapView */ = {
			isa = PBXGroup;
			children = (
				DF9618A528FCEF6A00E21D30 /* MapViewController.swift */,
				8C21CC4028FF8018009043AF /* PlaceAnnotation.swift */,
				8C21CC4228FF8394009043AF /* ClusterAnnotationView.swift */,
				8C21CC4428FF89BA009043AF /* MapData.swift */,
			);
			path = MapView;
			sourceTree = "<group>";
		};
		DF9618A028FCEF0500E21D30 /* ProfileView */ = {
			isa = PBXGroup;
			children = (
				DF9618AF28FCEFCB00E21D30 /* ProfileViewController.swift */,
			);
			path = ProfileView;
			sourceTree = "<group>";
		};
		DF9618A128FCEF0D00E21D30 /* LoginView */ = {
			isa = PBXGroup;
			children = (
				DF9618AB28FCEFB600E21D30 /* LoginViewController.swift */,
			);
			path = LoginView;
			sourceTree = "<group>";
		};
		DF9618A228FCEF1200E21D30 /* SignUpView */ = {
			isa = PBXGroup;
			children = (
				DF9618AD28FCEFC200E21D30 /* SignUpViewController.swift */,
			);
			path = SignUpView;
			sourceTree = "<group>";
		};
		DF9618A328FCEF1700E21D30 /* PlaceInfoView */ = {
			isa = PBXGroup;
			children = (
				DF9618A728FCEF8800E21D30 /* PlaceInfoViewController.swift */,
			);
			path = PlaceInfoView;
			sourceTree = "<group>";
		};
		DF9618A428FCEF1B00E21D30 /* PlaceCheckInView */ = {
			isa = PBXGroup;
			children = (
				DF9618A928FCEF9700E21D30 /* PlaceCheckInView.swift */,
			);
			path = PlaceCheckInView;
			sourceTree = "<group>";
		};
		DFE747B628FD75690048E70A /* Utils */ = {
			isa = PBXGroup;
			children = (
				DFE747B728FD75750048E70A /* Extensions */,
			);
			path = Utils;
			sourceTree = "<group>";
		};
		DFE747B728FD75750048E70A /* Extensions */ = {
			isa = PBXGroup;
			children = (
				DFE747B828FD75980048E70A /* UIView+Extension.swift */,
				7EC6F9ED28FE39CB003D8A95 /* UIFont+Extension.swift */,
				7EC6F9EF28FE39F4003D8A95 /* UIColor+Extension.swift */,
				7EC6F9F128FE3A19003D8A95 /* UILabel+Extension.swift */,
			);
			path = Extensions;
			sourceTree = "<group>";
		};
		E25A674E28F7E1AB004614B0 /* Application */ = {
			isa = PBXGroup;
			children = (
				DF288B4E28F7D70F002838A4 /* AppDelegate.swift */,
				DF288B5028F7D70F002838A4 /* SceneDelegate.swift */,
				DF288B5228F7D70F002838A4 /* ViewController.swift */,
				DF288B5728F7D710002838A4 /* Assets.xcassets */,
				DF288B5928F7D710002838A4 /* LaunchScreen.storyboard */,
				DF288B5C28F7D710002838A4 /* Info.plist */,
				E25A674928F7DF1C004614B0 /* GoogleService-Info.plist */,
			);
			path = Application;
			sourceTree = "<group>";
		};
		E25A674F28F7E1B9004614B0 /* Model */ = {
			isa = PBXGroup;
			children = (
				E25A675128F7E1CE004614B0 /* User.swift */,
				E25A675328F7E2C6004614B0 /* Place.swift */,
				E25A675528F7E398004614B0 /* Position.swift */,
				DF9618B328FCF7D300E21D30 /* UsersInPlace.swift */,
				E25A675728F7E515004614B0 /* DummyData.swift */,
			);
			path = Model;
			sourceTree = "<group>";
		};
/* End PBXGroup section */

/* Begin PBXNativeTarget section */
		DF288B4A28F7D70F002838A4 /* BNomad */ = {
			isa = PBXNativeTarget;
			buildConfigurationList = DF288B5F28F7D710002838A4 /* Build configuration list for PBXNativeTarget "BNomad" */;
			buildPhases = (
				DF288B4728F7D70F002838A4 /* Sources */,
				DF288B4828F7D70F002838A4 /* Frameworks */,
				DF288B4928F7D70F002838A4 /* Resources */,
			);
			buildRules = (
			);
			dependencies = (
			);
			name = BNomad;
			packageProductDependencies = (
				E25A674C28F7DF88004614B0 /* FirebaseAnalytics */,
				DF96185A28F8052200E21D30 /* FirebaseAuth */,
				DF96185E28F8053500E21D30 /* FirebaseFirestore */,
				DF96186028F8053E00E21D30 /* FirebaseStorage */,
				E2E6B22928FDA7E1005C0D77 /* FirebaseDatabase */,
				E2E6B22B28FDA7E1005C0D77 /* FirebaseDatabaseSwift */,
			);
			productName = BNomad;
			productReference = DF288B4B28F7D70F002838A4 /* BNomad.app */;
			productType = "com.apple.product-type.application";
		};
/* End PBXNativeTarget section */

/* Begin PBXProject section */
		DF288B4328F7D70F002838A4 /* Project object */ = {
			isa = PBXProject;
			attributes = {
				BuildIndependentTargetsInParallel = 1;
				LastSwiftUpdateCheck = 1340;
				LastUpgradeCheck = 1340;
				TargetAttributes = {
					DF288B4A28F7D70F002838A4 = {
						CreatedOnToolsVersion = 13.4.1;
					};
				};
			};
			buildConfigurationList = DF288B4628F7D70F002838A4 /* Build configuration list for PBXProject "BNomad" */;
			compatibilityVersion = "Xcode 13.0";
			developmentRegion = en;
			hasScannedForEncodings = 0;
			knownRegions = (
				en,
				Base,
			);
			mainGroup = DF288B4228F7D70F002838A4;
			packageReferences = (
				E25A674B28F7DF88004614B0 /* XCRemoteSwiftPackageReference "firebase-ios-sdk" */,
			);
			productRefGroup = DF288B4C28F7D70F002838A4 /* Products */;
			projectDirPath = "";
			projectRoot = "";
			targets = (
				DF288B4A28F7D70F002838A4 /* BNomad */,
			);
		};
/* End PBXProject section */

/* Begin PBXResourcesBuildPhase section */
		DF288B4928F7D70F002838A4 /* Resources */ = {
			isa = PBXResourcesBuildPhase;
			buildActionMask = 2147483647;
			files = (
				DF288B5B28F7D710002838A4 /* LaunchScreen.storyboard in Resources */,
				DF288B5828F7D710002838A4 /* Assets.xcassets in Resources */,
				E25A674A28F7DF1C004614B0 /* GoogleService-Info.plist in Resources */,
			);
			runOnlyForDeploymentPostprocessing = 0;
		};
/* End PBXResourcesBuildPhase section */

/* Begin PBXSourcesBuildPhase section */
		DF288B4728F7D70F002838A4 /* Sources */ = {
			isa = PBXSourcesBuildPhase;
			buildActionMask = 2147483647;
			files = (
				E25A675228F7E1CE004614B0 /* User.swift in Sources */,
				DF288B5328F7D70F002838A4 /* ViewController.swift in Sources */,
				DFE747B928FD75980048E70A /* UIView+Extension.swift in Sources */,
				7EC6F9F028FE39F4003D8A95 /* UIColor+Extension.swift in Sources */,
				DF9618B228FCEFEA00E21D30 /* FirebaseManager.swift in Sources */,
				E25A675628F7E398004614B0 /* Position.swift in Sources */,
				DF9618A828FCEF8800E21D30 /* PlaceInfoViewController.swift in Sources */,
				DF9618AA28FCEF9700E21D30 /* PlaceCheckInView.swift in Sources */,
				7EC6F9F228FE3A19003D8A95 /* UILabel+Extension.swift in Sources */,
				E25A675828F7E515004614B0 /* DummyData.swift in Sources */,
				DF9618AE28FCEFC200E21D30 /* SignUpViewController.swift in Sources */,
				DF288B4F28F7D70F002838A4 /* AppDelegate.swift in Sources */,
				8C21CC4128FF8018009043AF /* PlaceAnnotation.swift in Sources */,
				7EC6F9EE28FE39CB003D8A95 /* UIFont+Extension.swift in Sources */,
				8C21CC4528FF89BA009043AF /* MapData.swift in Sources */,
				DF288B5128F7D70F002838A4 /* SceneDelegate.swift in Sources */,
				DF9618B428FCF7D300E21D30 /* UsersInPlace.swift in Sources */,
				E25A675428F7E2C6004614B0 /* Place.swift in Sources */,
				DF9618B028FCEFCB00E21D30 /* ProfileViewController.swift in Sources */,
				DF9618A628FCEF6A00E21D30 /* MapViewController.swift in Sources */,
				8C21CC4328FF8394009043AF /* ClusterAnnotationView.swift in Sources */,
				DF9618AC28FCEFB600E21D30 /* LoginViewController.swift in Sources */,
			);
			runOnlyForDeploymentPostprocessing = 0;
		};
/* End PBXSourcesBuildPhase section */

/* Begin PBXVariantGroup section */
		DF288B5928F7D710002838A4 /* LaunchScreen.storyboard */ = {
			isa = PBXVariantGroup;
			children = (
				DF288B5A28F7D710002838A4 /* Base */,
			);
			name = LaunchScreen.storyboard;
			sourceTree = "<group>";
		};
/* End PBXVariantGroup section */

/* Begin XCBuildConfiguration section */
		DF288B5D28F7D710002838A4 /* Debug */ = {
			isa = XCBuildConfiguration;
			buildSettings = {
				ALWAYS_SEARCH_USER_PATHS = NO;
				CLANG_ANALYZER_NONNULL = YES;
				CLANG_ANALYZER_NUMBER_OBJECT_CONVERSION = YES_AGGRESSIVE;
				CLANG_CXX_LANGUAGE_STANDARD = "gnu++17";
				CLANG_ENABLE_MODULES = YES;
				CLANG_ENABLE_OBJC_ARC = YES;
				CLANG_ENABLE_OBJC_WEAK = YES;
				CLANG_WARN_BLOCK_CAPTURE_AUTORELEASING = YES;
				CLANG_WARN_BOOL_CONVERSION = YES;
				CLANG_WARN_COMMA = YES;
				CLANG_WARN_CONSTANT_CONVERSION = YES;
				CLANG_WARN_DEPRECATED_OBJC_IMPLEMENTATIONS = YES;
				CLANG_WARN_DIRECT_OBJC_ISA_USAGE = YES_ERROR;
				CLANG_WARN_DOCUMENTATION_COMMENTS = YES;
				CLANG_WARN_EMPTY_BODY = YES;
				CLANG_WARN_ENUM_CONVERSION = YES;
				CLANG_WARN_INFINITE_RECURSION = YES;
				CLANG_WARN_INT_CONVERSION = YES;
				CLANG_WARN_NON_LITERAL_NULL_CONVERSION = YES;
				CLANG_WARN_OBJC_IMPLICIT_RETAIN_SELF = YES;
				CLANG_WARN_OBJC_LITERAL_CONVERSION = YES;
				CLANG_WARN_OBJC_ROOT_CLASS = YES_ERROR;
				CLANG_WARN_QUOTED_INCLUDE_IN_FRAMEWORK_HEADER = YES;
				CLANG_WARN_RANGE_LOOP_ANALYSIS = YES;
				CLANG_WARN_STRICT_PROTOTYPES = YES;
				CLANG_WARN_SUSPICIOUS_MOVE = YES;
				CLANG_WARN_UNGUARDED_AVAILABILITY = YES_AGGRESSIVE;
				CLANG_WARN_UNREACHABLE_CODE = YES;
				CLANG_WARN__DUPLICATE_METHOD_MATCH = YES;
				COPY_PHASE_STRIP = NO;
				DEBUG_INFORMATION_FORMAT = dwarf;
				ENABLE_STRICT_OBJC_MSGSEND = YES;
				ENABLE_TESTABILITY = YES;
				GCC_C_LANGUAGE_STANDARD = gnu11;
				GCC_DYNAMIC_NO_PIC = NO;
				GCC_NO_COMMON_BLOCKS = YES;
				GCC_OPTIMIZATION_LEVEL = 0;
				GCC_PREPROCESSOR_DEFINITIONS = (
					"DEBUG=1",
					"$(inherited)",
				);
				GCC_WARN_64_TO_32_BIT_CONVERSION = YES;
				GCC_WARN_ABOUT_RETURN_TYPE = YES_ERROR;
				GCC_WARN_UNDECLARED_SELECTOR = YES;
				GCC_WARN_UNINITIALIZED_AUTOS = YES_AGGRESSIVE;
				GCC_WARN_UNUSED_FUNCTION = YES;
				GCC_WARN_UNUSED_VARIABLE = YES;
				IPHONEOS_DEPLOYMENT_TARGET = 15.5;
				MTL_ENABLE_DEBUG_INFO = INCLUDE_SOURCE;
				MTL_FAST_MATH = YES;
				ONLY_ACTIVE_ARCH = YES;
				SDKROOT = iphoneos;
				SWIFT_ACTIVE_COMPILATION_CONDITIONS = DEBUG;
				SWIFT_OPTIMIZATION_LEVEL = "-Onone";
			};
			name = Debug;
		};
		DF288B5E28F7D710002838A4 /* Release */ = {
			isa = XCBuildConfiguration;
			buildSettings = {
				ALWAYS_SEARCH_USER_PATHS = NO;
				CLANG_ANALYZER_NONNULL = YES;
				CLANG_ANALYZER_NUMBER_OBJECT_CONVERSION = YES_AGGRESSIVE;
				CLANG_CXX_LANGUAGE_STANDARD = "gnu++17";
				CLANG_ENABLE_MODULES = YES;
				CLANG_ENABLE_OBJC_ARC = YES;
				CLANG_ENABLE_OBJC_WEAK = YES;
				CLANG_WARN_BLOCK_CAPTURE_AUTORELEASING = YES;
				CLANG_WARN_BOOL_CONVERSION = YES;
				CLANG_WARN_COMMA = YES;
				CLANG_WARN_CONSTANT_CONVERSION = YES;
				CLANG_WARN_DEPRECATED_OBJC_IMPLEMENTATIONS = YES;
				CLANG_WARN_DIRECT_OBJC_ISA_USAGE = YES_ERROR;
				CLANG_WARN_DOCUMENTATION_COMMENTS = YES;
				CLANG_WARN_EMPTY_BODY = YES;
				CLANG_WARN_ENUM_CONVERSION = YES;
				CLANG_WARN_INFINITE_RECURSION = YES;
				CLANG_WARN_INT_CONVERSION = YES;
				CLANG_WARN_NON_LITERAL_NULL_CONVERSION = YES;
				CLANG_WARN_OBJC_IMPLICIT_RETAIN_SELF = YES;
				CLANG_WARN_OBJC_LITERAL_CONVERSION = YES;
				CLANG_WARN_OBJC_ROOT_CLASS = YES_ERROR;
				CLANG_WARN_QUOTED_INCLUDE_IN_FRAMEWORK_HEADER = YES;
				CLANG_WARN_RANGE_LOOP_ANALYSIS = YES;
				CLANG_WARN_STRICT_PROTOTYPES = YES;
				CLANG_WARN_SUSPICIOUS_MOVE = YES;
				CLANG_WARN_UNGUARDED_AVAILABILITY = YES_AGGRESSIVE;
				CLANG_WARN_UNREACHABLE_CODE = YES;
				CLANG_WARN__DUPLICATE_METHOD_MATCH = YES;
				COPY_PHASE_STRIP = NO;
				DEBUG_INFORMATION_FORMAT = "dwarf-with-dsym";
				ENABLE_NS_ASSERTIONS = NO;
				ENABLE_STRICT_OBJC_MSGSEND = YES;
				GCC_C_LANGUAGE_STANDARD = gnu11;
				GCC_NO_COMMON_BLOCKS = YES;
				GCC_WARN_64_TO_32_BIT_CONVERSION = YES;
				GCC_WARN_ABOUT_RETURN_TYPE = YES_ERROR;
				GCC_WARN_UNDECLARED_SELECTOR = YES;
				GCC_WARN_UNINITIALIZED_AUTOS = YES_AGGRESSIVE;
				GCC_WARN_UNUSED_FUNCTION = YES;
				GCC_WARN_UNUSED_VARIABLE = YES;
				IPHONEOS_DEPLOYMENT_TARGET = 15.5;
				MTL_ENABLE_DEBUG_INFO = NO;
				MTL_FAST_MATH = YES;
				SDKROOT = iphoneos;
				SWIFT_COMPILATION_MODE = wholemodule;
				SWIFT_OPTIMIZATION_LEVEL = "-O";
				VALIDATE_PRODUCT = YES;
			};
			name = Release;
		};
		DF288B6028F7D710002838A4 /* Debug */ = {
			isa = XCBuildConfiguration;
			buildSettings = {
				ASSETCATALOG_COMPILER_APPICON_NAME = AppIcon;
				ASSETCATALOG_COMPILER_GLOBAL_ACCENT_COLOR_NAME = AccentColor;
				CODE_SIGN_STYLE = Automatic;
				CURRENT_PROJECT_VERSION = 1;
				GENERATE_INFOPLIST_FILE = YES;
				INFOPLIST_FILE = BNomad/Application/Info.plist;
				INFOPLIST_KEY_NSLocationWhenInUseUsageDescription = "당신의 위치를 저희가 쓰겠습니다.";
				INFOPLIST_KEY_UIApplicationSupportsIndirectInputEvents = YES;
				INFOPLIST_KEY_UILaunchStoryboardName = LaunchScreen;
				INFOPLIST_KEY_UISupportedInterfaceOrientations_iPad = "UIInterfaceOrientationPortrait UIInterfaceOrientationPortraitUpsideDown UIInterfaceOrientationLandscapeLeft UIInterfaceOrientationLandscapeRight";
				INFOPLIST_KEY_UISupportedInterfaceOrientations_iPhone = "UIInterfaceOrientationPortrait UIInterfaceOrientationLandscapeLeft UIInterfaceOrientationLandscapeRight";
				LD_RUNPATH_SEARCH_PATHS = (
					"$(inherited)",
					"@executable_path/Frameworks",
				);
				MARKETING_VERSION = 1.0;
				PRODUCT_BUNDLE_IDENTIFIER = BNomad.BNomad;
				PRODUCT_NAME = "$(TARGET_NAME)";
				SWIFT_EMIT_LOC_STRINGS = YES;
				SWIFT_VERSION = 5.0;
				TARGETED_DEVICE_FAMILY = "1,2";
			};
			name = Debug;
		};
		DF288B6128F7D710002838A4 /* Release */ = {
			isa = XCBuildConfiguration;
			buildSettings = {
				ASSETCATALOG_COMPILER_APPICON_NAME = AppIcon;
				ASSETCATALOG_COMPILER_GLOBAL_ACCENT_COLOR_NAME = AccentColor;
				CODE_SIGN_STYLE = Automatic;
				CURRENT_PROJECT_VERSION = 1;
				GENERATE_INFOPLIST_FILE = YES;
				INFOPLIST_FILE = BNomad/Application/Info.plist;
				INFOPLIST_KEY_NSLocationWhenInUseUsageDescription = "당신의 위치를 저희가 쓰겠습니다.";
				INFOPLIST_KEY_UIApplicationSupportsIndirectInputEvents = YES;
				INFOPLIST_KEY_UILaunchStoryboardName = LaunchScreen;
				INFOPLIST_KEY_UISupportedInterfaceOrientations_iPad = "UIInterfaceOrientationPortrait UIInterfaceOrientationPortraitUpsideDown UIInterfaceOrientationLandscapeLeft UIInterfaceOrientationLandscapeRight";
				INFOPLIST_KEY_UISupportedInterfaceOrientations_iPhone = "UIInterfaceOrientationPortrait UIInterfaceOrientationLandscapeLeft UIInterfaceOrientationLandscapeRight";
				LD_RUNPATH_SEARCH_PATHS = (
					"$(inherited)",
					"@executable_path/Frameworks",
				);
				MARKETING_VERSION = 1.0;
				PRODUCT_BUNDLE_IDENTIFIER = BNomad.BNomad;
				PRODUCT_NAME = "$(TARGET_NAME)";
				SWIFT_EMIT_LOC_STRINGS = YES;
				SWIFT_VERSION = 5.0;
				TARGETED_DEVICE_FAMILY = "1,2";
			};
			name = Release;
		};
/* End XCBuildConfiguration section */

/* Begin XCConfigurationList section */
		DF288B4628F7D70F002838A4 /* Build configuration list for PBXProject "BNomad" */ = {
			isa = XCConfigurationList;
			buildConfigurations = (
				DF288B5D28F7D710002838A4 /* Debug */,
				DF288B5E28F7D710002838A4 /* Release */,
			);
			defaultConfigurationIsVisible = 0;
			defaultConfigurationName = Release;
		};
		DF288B5F28F7D710002838A4 /* Build configuration list for PBXNativeTarget "BNomad" */ = {
			isa = XCConfigurationList;
			buildConfigurations = (
				DF288B6028F7D710002838A4 /* Debug */,
				DF288B6128F7D710002838A4 /* Release */,
			);
			defaultConfigurationIsVisible = 0;
			defaultConfigurationName = Release;
		};
/* End XCConfigurationList section */

/* Begin XCRemoteSwiftPackageReference section */
		E25A674B28F7DF88004614B0 /* XCRemoteSwiftPackageReference "firebase-ios-sdk" */ = {
			isa = XCRemoteSwiftPackageReference;
			repositoryURL = "https://github.com/firebase/firebase-ios-sdk";
			requirement = {
				branch = master;
				kind = branch;
			};
		};
/* End XCRemoteSwiftPackageReference section */

/* Begin XCSwiftPackageProductDependency section */
		DF96185A28F8052200E21D30 /* FirebaseAuth */ = {
			isa = XCSwiftPackageProductDependency;
			package = E25A674B28F7DF88004614B0 /* XCRemoteSwiftPackageReference "firebase-ios-sdk" */;
			productName = FirebaseAuth;
		};
		DF96185E28F8053500E21D30 /* FirebaseFirestore */ = {
			isa = XCSwiftPackageProductDependency;
			package = E25A674B28F7DF88004614B0 /* XCRemoteSwiftPackageReference "firebase-ios-sdk" */;
			productName = FirebaseFirestore;
		};
		DF96186028F8053E00E21D30 /* FirebaseStorage */ = {
			isa = XCSwiftPackageProductDependency;
			package = E25A674B28F7DF88004614B0 /* XCRemoteSwiftPackageReference "firebase-ios-sdk" */;
			productName = FirebaseStorage;
		};
		E25A674C28F7DF88004614B0 /* FirebaseAnalytics */ = {
			isa = XCSwiftPackageProductDependency;
			package = E25A674B28F7DF88004614B0 /* XCRemoteSwiftPackageReference "firebase-ios-sdk" */;
			productName = FirebaseAnalytics;
		};
		E2E6B22928FDA7E1005C0D77 /* FirebaseDatabase */ = {
			isa = XCSwiftPackageProductDependency;
			package = E25A674B28F7DF88004614B0 /* XCRemoteSwiftPackageReference "firebase-ios-sdk" */;
			productName = FirebaseDatabase;
		};
		E2E6B22B28FDA7E1005C0D77 /* FirebaseDatabaseSwift */ = {
			isa = XCSwiftPackageProductDependency;
			package = E25A674B28F7DF88004614B0 /* XCRemoteSwiftPackageReference "firebase-ios-sdk" */;
			productName = FirebaseDatabaseSwift;
		};
/* End XCSwiftPackageProductDependency section */
	};
	rootObject = DF288B4328F7D70F002838A4 /* Project object */;
}
